
Microsoft Visual Studio Solution File, Format Version 12.00
# Visual Studio Version 16
VisualStudioVersion = 16.0.31112.23
MinimumVisualStudioVersion = 10.0.40219.1
Project("{FAE04EC0-301F-11D3-BF4B-00C04F79EFBC}") = "Lab9.UWP", "Lab9\Lab9.UWP\Lab9.UWP.csproj", "{DF17BFB5-C563-4447-B45C-6721A386C8DC}"
EndProject
Project("{FAE04EC0-301F-11D3-BF4B-00C04F79EFBC}") = "Lab9.Android", "Lab9\Lab9.Android\Lab9.Android.csproj", "{0D616635-E85B-4920-B890-56FE0ADAA790}"
EndProject
Project("{FAE04EC0-301F-11D3-BF4B-00C04F79EFBC}") = "Lab9.iOS", "Lab9\Lab9.iOS\Lab9.iOS.csproj", "{DA0A80FD-1F16-468C-B560-AD5918E727F1}"
EndProject
Project("{FAE04EC0-301F-11D3-BF4B-00C04F79EFBC}") = "Lab9", "Lab9\Lab9\Lab9.csproj", "{255F8B8D-764F-4042-9470-5383A76E3719}"
EndProject
Global
	GlobalSection(SolutionConfigurationPlatforms) = preSolution
		Debug|Any CPU = Debug|Any CPU
		Debug|ARM = Debug|ARM
		Debug|iPhone = Debug|iPhone
		Debug|iPhoneSimulator = Debug|iPhoneSimulator
		Debug|x64 = Debug|x64
		Debug|x86 = Debug|x86
		Release|Any CPU = Release|Any CPU
		Release|ARM = Release|ARM
		Release|iPhone = Release|iPhone
		Release|iPhoneSimulator = Release|iPhoneSimulator
		Release|x64 = Release|x64
		Release|x86 = Release|x86
	EndGlobalSection
	GlobalSection(ProjectConfigurationPlatforms) = postSolution
		{DF17BFB5-C563-4447-B45C-6721A386C8DC}.Debug|Any CPU.ActiveCfg = Debug|x86
		{DF17BFB5-C563-4447-B45C-6721A386C8DC}.Debug|Any CPU.Build.0 = Debug|x86
		{DF17BFB5-C563-4447-B45C-6721A386C8DC}.Debug|Any CPU.Deploy.0 = Debug|x86
		{DF17BFB5-C563-4447-B45C-6721A386C8DC}.Debug|ARM.ActiveCfg = Debug|ARM
		{DF17BFB5-C563-4447-B45C-6721A386C8DC}.Debug|ARM.Build.0 = Debug|ARM
		{DF17BFB5-C563-4447-B45C-6721A386C8DC}.Debug|ARM.Deploy.0 = Debug|ARM
		{DF17BFB5-C563-4447-B45C-6721A386C8DC}.Debug|iPhone.ActiveCfg = Debug|x86
		{DF17BFB5-C563-4447-B45C-6721A386C8DC}.Debug|iPhone.Build.0 = Debug|x86
		{DF17BFB5-C563-4447-B45C-6721A386C8DC}.Debug|iPhone.Deploy.0 = Debug|x86
		{DF17BFB5-C563-4447-B45C-6721A386C8DC}.Debug|iPhoneSimulator.ActiveCfg = Debug|x86
		{DF17BFB5-C563-4447-B45C-6721A386C8DC}.Debug|iPhoneSimulator.Build.0 = Debug|x86
		{DF17BFB5-C563-4447-B45C-6721A386C8DC}.Debug|iPhoneSimulator.Deploy.0 = Debug|x86
		{DF17BFB5-C563-4447-B45C-6721A386C8DC}.Debug|x64.ActiveCfg = Debug|x64
		{DF17BFB5-C563-4447-B45C-6721A386C8DC}.Debug|x64.Build.0 = Debug|x64
		{DF17BFB5-C563-4447-B45C-6721A386C8DC}.Debug|x64.Deploy.0 = Debug|x64
		{DF17BFB5-C563-4447-B45C-6721A386C8DC}.Debug|x86.ActiveCfg = Debug|x86
		{DF17BFB5-C563-4447-B45C-6721A386C8DC}.Debug|x86.Build.0 = Debug|x86
		{DF17BFB5-C563-4447-B45C-6721A386C8DC}.Debug|x86.Deploy.0 = Debug|x86
		{DF17BFB5-C563-4447-B45C-6721A386C8DC}.Release|Any CPU.ActiveCfg = Release|x86
		{DF17BFB5-C563-4447-B45C-6721A386C8DC}.Release|Any CPU.Build.0 = Release|x86
		{DF17BFB5-C563-4447-B45C-6721A386C8DC}.Release|Any CPU.Deploy.0 = Release|x86
		{DF17BFB5-C563-4447-B45C-6721A386C8DC}.Release|ARM.ActiveCfg = Release|ARM
		{DF17BFB5-C563-4447-B45C-6721A386C8DC}.Release|ARM.Build.0 = Release|ARM
		{DF17BFB5-C563-4447-B45C-6721A386C8DC}.Release|ARM.Deploy.0 = Release|ARM
		{DF17BFB5-C563-4447-B45C-6721A386C8DC}.Release|iPhone.ActiveCfg = Release|x86
		{DF17BFB5-C563-4447-B45C-6721A386C8DC}.Release|iPhone.Build.0 = Release|x86
		{DF17BFB5-C563-4447-B45C-6721A386C8DC}.Release|iPhone.Deploy.0 = Release|x86
		{DF17BFB5-C563-4447-B45C-6721A386C8DC}.Release|iPhoneSimulator.ActiveCfg = Release|x86
		{DF17BFB5-C563-4447-B45C-6721A386C8DC}.Release|iPhoneSimulator.Build.0 = Release|x86
		{DF17BFB5-C563-4447-B45C-6721A386C8DC}.Release|iPhoneSimulator.Deploy.0 = Release|x86
		{DF17BFB5-C563-4447-B45C-6721A386C8DC}.Release|x64.ActiveCfg = Release|x64
		{DF17BFB5-C563-4447-B45C-6721A386C8DC}.Release|x64.Build.0 = Release|x64
		{DF17BFB5-C563-4447-B45C-6721A386C8DC}.Release|x64.Deploy.0 = Release|x64
		{DF17BFB5-C563-4447-B45C-6721A386C8DC}.Release|x86.ActiveCfg = Release|x86
		{DF17BFB5-C563-4447-B45C-6721A386C8DC}.Release|x86.Build.0 = Release|x86
		{DF17BFB5-C563-4447-B45C-6721A386C8DC}.Release|x86.Deploy.0 = Release|x86
		{0D616635-E85B-4920-B890-56FE0ADAA790}.Debug|Any CPU.ActiveCfg = Debug|Any CPU
		{0D616635-E85B-4920-B890-56FE0ADAA790}.Debug|Any CPU.Build.0 = Debug|Any CPU
		{0D616635-E85B-4920-B890-56FE0ADAA790}.Debug|Any CPU.Deploy.0 = Debug|Any CPU
		{0D616635-E85B-4920-B890-56FE0ADAA790}.Debug|ARM.ActiveCfg = Debug|Any CPU
		{0D616635-E85B-4920-B890-56FE0ADAA790}.Debug|ARM.Build.0 = Debug|Any CPU
		{0D616635-E85B-4920-B890-56FE0ADAA790}.Debug|ARM.Deploy.0 = Debug|Any CPU
		{0D616635-E85B-4920-B890-56FE0ADAA790}.Debug|iPhone.ActiveCfg = Debug|Any CPU
		{0D616635-E85B-4920-B890-56FE0ADAA790}.Debug|iPhone.Build.0 = Debug|Any CPU
		{0D616635-E85B-4920-B890-56FE0ADAA790}.Debug|iPhone.Deploy.0 = Debug|Any CPU
		{0D616635-E85B-4920-B890-56FE0ADAA790}.Debug|iPhoneSimulator.ActiveCfg = Debug|Any CPU
		{0D616635-E85B-4920-B890-56FE0ADAA790}.Debug|iPhoneSimulator.Build.0 = Debug|Any CPU
		{0D616635-E85B-4920-B890-56FE0ADAA790}.Debug|iPhoneSimulator.Deploy.0 = Debug|Any CPU
		{0D616635-E85B-4920-B890-56FE0ADAA790}.Debug|x64.ActiveCfg = Debug|Any CPU
		{0D616635-E85B-4920-B890-56FE0ADAA790}.Debug|x64.Build.0 = Debug|Any CPU
		{0D616635-E85B-4920-B890-56FE0ADAA790}.Debug|x64.Deploy.0 = Debug|Any CPU
		{0D616635-E85B-4920-B890-56FE0ADAA790}.Debug|x86.ActiveCfg = Debug|Any CPU
		{0D616635-E85B-4920-B890-56FE0ADAA790}.Debug|x86.Build.0 = Debug|Any CPU
		{0D616635-E85B-4920-B890-56FE0ADAA790}.Debug|x86.Deploy.0 = Debug|Any CPU
		{0D616635-E85B-4920-B890-56FE0ADAA790}.Release|Any CPU.ActiveCfg = Release|Any CPU
		{0D616635-E85B-4920-B890-56FE0ADAA790}.Release|Any CPU.Build.0 = Release|Any CPU
		{0D616635-E85B-4920-B890-56FE0ADAA790}.Release|Any CPU.Deploy.0 = Release|Any CPU
		{0D616635-E85B-4920-B890-56FE0ADAA790}.Release|ARM.ActiveCfg = Release|Any CPU
		{0D616635-E85B-4920-B890-56FE0ADAA790}.Release|ARM.Build.0 = Release|Any CPU
		{0D616635-E85B-4920-B890-56FE0ADAA790}.Release|ARM.Deploy.0 = Release|Any CPU
		{0D616635-E85B-4920-B890-56FE0ADAA790}.Release|iPhone.ActiveCfg = Release|Any CPU
		{0D616635-E85B-4920-B890-56FE0ADAA790}.Release|iPhone.Build.0 = Release|Any CPU
		{0D616635-E85B-4920-B890-56FE0ADAA790}.Release|iPhone.Deploy.0 = Release|Any CPU
		{0D616635-E85B-4920-B890-56FE0ADAA790}.Release|iPhoneSimulator.ActiveCfg = Release|Any CPU
		{0D616635-E85B-4920-B890-56FE0ADAA790}.Release|iPhoneSimulator.Build.0 = Release|Any CPU
		{0D616635-E85B-4920-B890-56FE0ADAA790}.Release|iPhoneSimulator.Deploy.0 = Release|Any CPU
		{0D616635-E85B-4920-B890-56FE0ADAA790}.Release|x64.ActiveCfg = Release|Any CPU
		{0D616635-E85B-4920-B890-56FE0ADAA790}.Release|x64.Build.0 = Release|Any CPU
		{0D616635-E85B-4920-B890-56FE0ADAA790}.Release|x64.Deploy.0 = Release|Any CPU
		{0D616635-E85B-4920-B890-56FE0ADAA790}.Release|x86.ActiveCfg = Release|Any CPU
		{0D616635-E85B-4920-B890-56FE0ADAA790}.Release|x86.Build.0 = Release|Any CPU
		{0D616635-E85B-4920-B890-56FE0ADAA790}.Release|x86.Deploy.0 = Release|Any CPU
		{DA0A80FD-1F16-468C-B560-AD5918E727F1}.Debug|Any CPU.ActiveCfg = Debug|iPhoneSimulator
		{DA0A80FD-1F16-468C-B560-AD5918E727F1}.Debug|Any CPU.Build.0 = Debug|iPhoneSimulator
		{DA0A80FD-1F16-468C-B560-AD5918E727F1}.Debug|Any CPU.Deploy.0 = Debug|iPhoneSimulator
		{DA0A80FD-1F16-468C-B560-AD5918E727F1}.Debug|ARM.ActiveCfg = Debug|iPhone
		{DA0A80FD-1F16-468C-B560-AD5918E727F1}.Debug|ARM.Build.0 = Debug|iPhone
		{DA0A80FD-1F16-468C-B560-AD5918E727F1}.Debug|ARM.Deploy.0 = Debug|iPhone
		{DA0A80FD-1F16-468C-B560-AD5918E727F1}.Debug|iPhone.ActiveCfg = Debug|iPhone
		{DA0A80FD-1F16-468C-B560-AD5918E727F1}.Debug|iPhone.Build.0 = Debug|iPhone
		{DA0A80FD-1F16-468C-B560-AD5918E727F1}.Debug|iPhone.Deploy.0 = Debug|iPhone
		{DA0A80FD-1F16-468C-B560-AD5918E727F1}.Debug|iPhoneSimulator.ActiveCfg = Debug|iPhoneSimulator
		{DA0A80FD-1F16-468C-B560-AD5918E727F1}.Debug|iPhoneSimulator.Build.0 = Debug|iPhoneSimulator
		{DA0A80FD-1F16-468C-B560-AD5918E727F1}.Debug|iPhoneSimulator.Deploy.0 = Debug|iPhoneSimulator
		{DA0A80FD-1F16-468C-B560-AD5918E727F1}.Debug|x64.ActiveCfg = Debug|iPhoneSimulator
		{DA0A80FD-1F16-468C-B560-AD5918E727F1}.Debug|x64.Build.0 = Debug|iPhoneSimulator
		{DA0A80FD-1F16-468C-B560-AD5918E727F1}.Debug|x64.Deploy.0 = Debug|iPhoneSimulator
		{DA0A80FD-1F16-468C-B560-AD5918E727F1}.Debug|x86.ActiveCfg = Debug|iPhoneSimulator
		{DA0A80FD-1F16-468C-B560-AD5918E727F1}.Debug|x86.Build.0 = Debug|iPhoneSimulator
		{DA0A80FD-1F16-468C-B560-AD5918E727F1}.Debug|x86.Deploy.0 = Debug|iPhoneSimulator
		{DA0A80FD-1F16-468C-B560-AD5918E727F1}.Release|Any CPU.ActiveCfg = Release|iPhoneSimulator
		{DA0A80FD-1F16-468C-B560-AD5918E727F1}.Release|Any CPU.Build.0 = Release|iPhoneSimulator
		{DA0A80FD-1F16-468C-B560-AD5918E727F1}.Release|Any CPU.Deploy.0 = Release|iPhoneSimulator
		{DA0A80FD-1F16-468C-B560-AD5918E727F1}.Release|ARM.ActiveCfg = Release|iPhoneSimulator
		{DA0A80FD-1F16-468C-B560-AD5918E727F1}.Release|ARM.Build.0 = Release|iPhoneSimulator
		{DA0A80FD-1F16-468C-B560-AD5918E727F1}.Release|ARM.Deploy.0 = Release|iPhoneSimulator
		{DA0A80FD-1F16-468C-B560-AD5918E727F1}.Release|iPhone.ActiveCfg = Release|iPhone
		{DA0A80FD-1F16-468C-B560-AD5918E727F1}.Release|iPhone.Build.0 = Release|iPhone
		{DA0A80FD-1F16-468C-B560-AD5918E727F1}.Release|iPhone.Deploy.0 = Release|iPhone
		{DA0A80FD-1F16-468C-B560-AD5918E727F1}.Release|iPhoneSimulator.ActiveCfg = Release|iPhoneSimulator
		{DA0A80FD-1F16-468C-B560-AD5918E727F1}.Release|iPhoneSimulator.Build.0 = Release|iPhoneSimulator
		{DA0A80FD-1F16-468C-B560-AD5918E727F1}.Release|iPhoneSimulator.Deploy.0 = Release|iPhoneSimulator
		{DA0A80FD-1F16-468C-B560-AD5918E727F1}.Release|x64.ActiveCfg = Release|iPhoneSimulator
		{DA0A80FD-1F16-468C-B560-AD5918E727F1}.Release|x64.Build.0 = Release|iPhoneSimulator
		{DA0A80FD-1F16-468C-B560-AD5918E727F1}.Release|x64.Deploy.0 = Release|iPhoneSimulator
		{DA0A80FD-1F16-468C-B560-AD5918E727F1}.Release|x86.ActiveCfg = Release|iPhoneSimulator
		{DA0A80FD-1F16-468C-B560-AD5918E727F1}.Release|x86.Build.0 = Release|iPhoneSimulator
		{DA0A80FD-1F16-468C-B560-AD5918E727F1}.Release|x86.Deploy.0 = Release|iPhoneSimulator
		{255F8B8D-764F-4042-9470-5383A76E3719}.Debug|Any CPU.ActiveCfg = Debug|Any CPU
		{255F8B8D-764F-4042-9470-5383A76E3719}.Debug|Any CPU.Build.0 = Debug|Any CPU
		{255F8B8D-764F-4042-9470-5383A76E3719}.Debug|Any CPU.Deploy.0 = Debug|Any CPU
		{255F8B8D-764F-4042-9470-5383A76E3719}.Debug|ARM.ActiveCfg = Debug|Any CPU
		{255F8B8D-764F-4042-9470-5383A76E3719}.Debug|ARM.Build.0 = Debug|Any CPU
		{255F8B8D-764F-4042-9470-5383A76E3719}.Debug|ARM.Deploy.0 = Debug|Any CPU
		{255F8B8D-764F-4042-9470-5383A76E3719}.Debug|iPhone.ActiveCfg = Debug|Any CPU
		{255F8B8D-764F-4042-9470-5383A76E3719}.Debug|iPhone.Build.0 = Debug|Any CPU
		{255F8B8D-764F-4042-9470-5383A76E3719}.Debug|iPhone.Deploy.0 = Debug|Any CPU
		{255F8B8D-764F-4042-9470-5383A76E3719}.Debug|iPhoneSimulator.ActiveCfg = Debug|Any CPU
		{255F8B8D-764F-4042-9470-5383A76E3719}.Debug|iPhoneSimulator.Build.0 = Debug|Any CPU
		{255F8B8D-764F-4042-9470-5383A76E3719}.Debug|iPhoneSimulator.Deploy.0 = Debug|Any CPU
		{255F8B8D-764F-4042-9470-5383A76E3719}.Debug|x64.ActiveCfg = Debug|Any CPU
		{255F8B8D-764F-4042-9470-5383A76E3719}.Debug|x64.Build.0 = Debug|Any CPU
		{255F8B8D-764F-4042-9470-5383A76E3719}.Debug|x64.Deploy.0 = Debug|Any CPU
		{255F8B8D-764F-4042-9470-5383A76E3719}.Debug|x86.ActiveCfg = Debug|Any CPU
		{255F8B8D-764F-4042-9470-5383A76E3719}.Debug|x86.Build.0 = Debug|Any CPU
		{255F8B8D-764F-4042-9470-5383A76E3719}.Debug|x86.Deploy.0 = Debug|Any CPU
		{255F8B8D-764F-4042-9470-5383A76E3719}.Release|Any CPU.ActiveCfg = Release|Any CPU
		{255F8B8D-764F-4042-9470-5383A76E3719}.Release|Any CPU.Build.0 = Release|Any CPU
		{255F8B8D-764F-4042-9470-5383A76E3719}.Release|Any CPU.Deploy.0 = Release|Any CPU
		{255F8B8D-764F-4042-9470-5383A76E3719}.Release|ARM.ActiveCfg = Release|Any CPU
		{255F8B8D-764F-4042-9470-5383A76E3719}.Release|ARM.Build.0 = Release|Any CPU
		{255F8B8D-764F-4042-9470-5383A76E3719}.Release|ARM.Deploy.0 = Release|Any CPU
		{255F8B8D-764F-4042-9470-5383A76E3719}.Release|iPhone.ActiveCfg = Release|Any CPU
		{255F8B8D-764F-4042-9470-5383A76E3719}.Release|iPhone.Build.0 = Release|Any CPU
		{255F8B8D-764F-4042-9470-5383A76E3719}.Release|iPhone.Deploy.0 = Release|Any CPU
		{255F8B8D-764F-4042-9470-5383A76E3719}.Release|iPhoneSimulator.ActiveCfg = Release|Any CPU
		{255F8B8D-764F-4042-9470-5383A76E3719}.Release|iPhoneSimulator.Build.0 = Release|Any CPU
		{255F8B8D-764F-4042-9470-5383A76E3719}.Release|iPhoneSimulator.Deploy.0 = Release|Any CPU
		{255F8B8D-764F-4042-9470-5383A76E3719}.Release|x64.ActiveCfg = Release|Any CPU
		{255F8B8D-764F-4042-9470-5383A76E3719}.Release|x64.Build.0 = Release|Any CPU
		{255F8B8D-764F-4042-9470-5383A76E3719}.Release|x64.Deploy.0 = Release|Any CPU
		{255F8B8D-764F-4042-9470-5383A76E3719}.Release|x86.ActiveCfg = Release|Any CPU
		{255F8B8D-764F-4042-9470-5383A76E3719}.Release|x86.Build.0 = Release|Any CPU
		{255F8B8D-764F-4042-9470-5383A76E3719}.Release|x86.Deploy.0 = Release|Any CPU
	EndGlobalSection
	GlobalSection(SolutionProperties) = preSolution
		HideSolutionNode = FALSE
	EndGlobalSection
	GlobalSection(ExtensibilityGlobals) = postSolution
		SolutionGuid = {31996569-FBDD-4E27-91E0-B471EF03CE91}
	EndGlobalSection
EndGlobal
